
Microsoft Visual Studio Solution File, Format Version 12.00
# Visual Studio Version 17
VisualStudioVersion = 17.6.33815.320
MinimumVisualStudioVersion = 10.0.40219.1
Project("{FAE04EC0-301F-11D3-BF4B-00C04F79EFBC}") = "EmployeeManagement", "EmployeeManagement.csproj", "{3F62F310-8CCD-42B2-819C-398D7A79B9D4}"
EndProject
Global
	GlobalSection(SolutionConfigurationPlatforms) = preSolution
		Debug|Any CPU = Debug|Any CPU
		Release|Any CPU = Release|Any CPU
	EndGlobalSection
	GlobalSection(ProjectConfigurationPlatforms) = postSolution
		{3F62F310-8CCD-42B2-819C-398D7A79B9D4}.Debug|Any CPU.ActiveCfg = Debug|Any CPU
		{3F62F310-8CCD-42B2-819C-398D7A79B9D4}.Debug|Any CPU.Build.0 = Debug|Any CPU
		{3F62F310-8CCD-42B2-819C-398D7A79B9D4}.Release|Any CPU.ActiveCfg = Release|Any CPU
		{3F62F310-8CCD-42B2-819C-398D7A79B9D4}.Release|Any CPU.Build.0 = Release|Any CPU
	EndGlobalSection
	GlobalSection(SolutionProperties) = preSolution
		HideSolutionNode = FALSE
	EndGlobalSection
	GlobalSection(ExtensibilityGlobals) = postSolution
		SolutionGuid = {9E97EFB3-1913-4115-AA19-E07864167C5A}
	EndGlobalSection
EndGlobal
